
Microsoft Visual Studio Solution File, Format Version 12.00
# Visual Studio Version 17
VisualStudioVersion = 17.10.35013.160
MinimumVisualStudioVersion = 10.0.40219.1
Project("{FAE04EC0-301F-11D3-BF4B-00C04F79EFBC}") = "FieldBookingSystem", "FieldBookingSystem\FieldBookingSystem.csproj", "{E2583C53-3EF0-4F8C-8C1D-B02372C076FA}"
EndProject
Project("{FAE04EC0-301F-11D3-BF4B-00C04F79EFBC}") = "DataAccess", "DataAccess\DataAccess.csproj", "{B81881A0-C344-43E4-B6BD-F2CF8B810D3F}"
EndProject
Project("{FAE04EC0-301F-11D3-BF4B-00C04F79EFBC}") = "ServiceLayer", "ServiceLayer\ServiceLayer.csproj", "{1B75AE70-0977-47B0-9B79-E2E5029C5307}"
EndProject
Global
	GlobalSection(SolutionConfigurationPlatforms) = preSolution
		Debug|Any CPU = Debug|Any CPU
		Release|Any CPU = Release|Any CPU
	EndGlobalSection
	GlobalSection(ProjectConfigurationPlatforms) = postSolution
		{E2583C53-3EF0-4F8C-8C1D-B02372C076FA}.Debug|Any CPU.ActiveCfg = Debug|Any CPU
		{E2583C53-3EF0-4F8C-8C1D-B02372C076FA}.Debug|Any CPU.Build.0 = Debug|Any CPU
		{E2583C53-3EF0-4F8C-8C1D-B02372C076FA}.Release|Any CPU.ActiveCfg = Release|Any CPU
		{E2583C53-3EF0-4F8C-8C1D-B02372C076FA}.Release|Any CPU.Build.0 = Release|Any CPU
		{B81881A0-C344-43E4-B6BD-F2CF8B810D3F}.Debug|Any CPU.ActiveCfg = Debug|Any CPU
		{B81881A0-C344-43E4-B6BD-F2CF8B810D3F}.Debug|Any CPU.Build.0 = Debug|Any CPU
		{B81881A0-C344-43E4-B6BD-F2CF8B810D3F}.Release|Any CPU.ActiveCfg = Release|Any CPU
		{B81881A0-C344-43E4-B6BD-F2CF8B810D3F}.Release|Any CPU.Build.0 = Release|Any CPU
		{1B75AE70-0977-47B0-9B79-E2E5029C5307}.Debug|Any CPU.ActiveCfg = Debug|Any CPU
		{1B75AE70-0977-47B0-9B79-E2E5029C5307}.Debug|Any CPU.Build.0 = Debug|Any CPU
		{1B75AE70-0977-47B0-9B79-E2E5029C5307}.Release|Any CPU.ActiveCfg = Release|Any CPU
		{1B75AE70-0977-47B0-9B79-E2E5029C5307}.Release|Any CPU.Build.0 = Release|Any CPU
	EndGlobalSection
	GlobalSection(SolutionProperties) = preSolution
		HideSolutionNode = FALSE
	EndGlobalSection
	GlobalSection(ExtensibilityGlobals) = postSolution
		SolutionGuid = {6ECE5D9B-78FA-40BA-AA96-34630BCD3208}
	EndGlobalSection
EndGlobal
